PODS:
  - Flutter (1.0.0)
  - flutter_one_pass (0.0.1):
    - Flutter
    - GTOneLoginSDK
  - GTOneLoginSDK (2.3.8.2):
    - GTOneLoginSDK/Main (= 2.3.8.2)
  - GTOneLoginSDK/Main (2.3.8.2)

DEPENDENCIES:
  - Flutter (from `Flutter`)
  - flutter_one_pass (from `.symlinks/plugins/flutter_one_pass/ios`)

SPEC REPOS:
  trunk:
    - GTOneLoginSDK

EXTERNAL SOURCES:
  Flutter:
    :path: Flutter
  flutter_one_pass:
    :path: ".symlinks/plugins/flutter_one_pass/ios"

SPEC CHECKSUMS:
  Flutter: 434fef37c0980e73bb6479ef766c45957d4b510c
  flutter_one_pass: ce9eb5b2a7f0375f1b81184a602a2f85ddbc1a7c
  GTOneLoginSDK: 96b6e04e17cb322b244fa173d11a41890c5f3f20

PODFILE CHECKSUM: dc085884ed4e421ef16c4866e980d8c2c0d89db1

COCOAPODS: 1.10.1
